
Microsoft Visual Studio Solution File, Format Version 12.00
# Visual Studio Version 17
VisualStudioVersion = 17.2.32630.192
MinimumVisualStudioVersion = 10.0.40219.1
Project("{FAE04EC0-301F-11D3-BF4B-00C04F79EFBC}") = "HastaneOtomasyonu", "HastaneOtomasyonu\HastaneOtomasyonu.csproj", "{DEA144B0-C986-441C-A763-478735DD6107}"
EndProject
Global
	GlobalSection(SolutionConfigurationPlatforms) = preSolution
		Debug|Any CPU = Debug|Any CPU
		Release|Any CPU = Release|Any CPU
	EndGlobalSection
	GlobalSection(ProjectConfigurationPlatforms) = postSolution
		{DEA144B0-C986-441C-A763-478735DD6107}.Debug|Any CPU.ActiveCfg = Debug|Any CPU
		{DEA144B0-C986-441C-A763-478735DD6107}.Debug|Any CPU.Build.0 = Debug|Any CPU
		{DEA144B0-C986-441C-A763-478735DD6107}.Release|Any CPU.ActiveCfg = Release|Any CPU
		{DEA144B0-C986-441C-A763-478735DD6107}.Release|Any CPU.Build.0 = Release|Any CPU
	EndGlobalSection
	GlobalSection(SolutionProperties) = preSolution
		HideSolutionNode = FALSE
	EndGlobalSection
	GlobalSection(ExtensibilityGlobals) = postSolution
		SolutionGuid = {2ECEF10B-D1C5-42AF-B1CB-FF38B7DDE59E}
	EndGlobalSection
EndGlobal
